
Microsoft Visual Studio Solution File, Format Version 12.00
Project("{2150E333-8FDC-42A3-9474-1A3956D46DE8}") = "src", "src", "{53C4AC5B-9E41-4E51-8B7F-E4B812EEE492}"
EndProject
Project("{FAE04EC0-301F-11D3-BF4B-00C04F79EFBC}") = "Fermat.EntityFramework.Shared", "src\Fermat.EntityFramework.Shared\Fermat.EntityFramework.Shared.csproj", "{DB852762-4AB5-4369-87B9-9A0F2DFAD2FF}"
EndProject
Global
	GlobalSection(SolutionConfigurationPlatforms) = preSolution
		Debug|Any CPU = Debug|Any CPU
		Release|Any CPU = Release|Any CPU
	EndGlobalSection
	GlobalSection(NestedProjects) = preSolution
		{DB852762-4AB5-4369-87B9-9A0F2DFAD2FF} = {53C4AC5B-9E41-4E51-8B7F-E4B812EEE492}
	EndGlobalSection
	GlobalSection(ProjectConfigurationPlatforms) = postSolution
		{DB852762-4AB5-4369-87B9-9A0F2DFAD2FF}.Debug|Any CPU.ActiveCfg = Debug|Any CPU
		{DB852762-4AB5-4369-87B9-9A0F2DFAD2FF}.Debug|Any CPU.Build.0 = Debug|Any CPU
		{DB852762-4AB5-4369-87B9-9A0F2DFAD2FF}.Release|Any CPU.ActiveCfg = Release|Any CPU
		{DB852762-4AB5-4369-87B9-9A0F2DFAD2FF}.Release|Any CPU.Build.0 = Release|Any CPU
	EndGlobalSection
EndGlobal
